
Microsoft Visual Studio Solution File, Format Version 12.00
# Visual Studio 15
VisualStudioVersion = 15.0.28307.329
MinimumVisualStudioVersion = 10.0.40219.1
Project("{FAE04EC0-301F-11D3-BF4B-00C04F79EFBC}") = "Eagle.NodeAzureFunction", "Eagle.NodeAzureFunction\Eagle.NodeAzureFunction.csproj", "{7486E62F-EA16-471E-8DB1-4366AF80A7F9}"
EndProject
Project("{FAE04EC0-301F-11D3-BF4B-00C04F79EFBC}") = "Eagle.SampleTests", "Eagle.SampleTests\Eagle.SampleTests.csproj", "{1227DAC1-72F9-4A8B-9044-46F1B79BD9D1}"
EndProject
Global
	GlobalSection(SolutionConfigurationPlatforms) = preSolution
		Debug|Any CPU = Debug|Any CPU
		Release|Any CPU = Release|Any CPU
	EndGlobalSection
	GlobalSection(ProjectConfigurationPlatforms) = postSolution
		{7486E62F-EA16-471E-8DB1-4366AF80A7F9}.Debug|Any CPU.ActiveCfg = Debug|Any CPU
		{7486E62F-EA16-471E-8DB1-4366AF80A7F9}.Debug|Any CPU.Build.0 = Debug|Any CPU
		{7486E62F-EA16-471E-8DB1-4366AF80A7F9}.Release|Any CPU.ActiveCfg = Release|Any CPU
		{7486E62F-EA16-471E-8DB1-4366AF80A7F9}.Release|Any CPU.Build.0 = Release|Any CPU
		{1227DAC1-72F9-4A8B-9044-46F1B79BD9D1}.Debug|Any CPU.ActiveCfg = Debug|Any CPU
		{1227DAC1-72F9-4A8B-9044-46F1B79BD9D1}.Debug|Any CPU.Build.0 = Debug|Any CPU
		{1227DAC1-72F9-4A8B-9044-46F1B79BD9D1}.Release|Any CPU.ActiveCfg = Release|Any CPU
		{1227DAC1-72F9-4A8B-9044-46F1B79BD9D1}.Release|Any CPU.Build.0 = Release|Any CPU
	EndGlobalSection
	GlobalSection(SolutionProperties) = preSolution
		HideSolutionNode = FALSE
	EndGlobalSection
	GlobalSection(ExtensibilityGlobals) = postSolution
		SolutionGuid = {1A6DA044-91CD-41C3-A9E4-A29D41543A8F}
	EndGlobalSection
EndGlobal
